
Microsoft Visual Studio Solution File, Format Version 12.00
# Visual Studio Version 16
VisualStudioVersion = 16.0.32106.194
MinimumVisualStudioVersion = 10.0.40219.1
Project("{FAE04EC0-301F-11D3-BF4B-00C04F79EFBC}") = "Task1", "Task1\Task1.csproj", "{F012E040-4D5D-4212-96F7-3B81999C1F5B}"
EndProject
Global
	GlobalSection(SolutionConfigurationPlatforms) = preSolution
		Debug|Any CPU = Debug|Any CPU
		Release|Any CPU = Release|Any CPU
	EndGlobalSection
	GlobalSection(ProjectConfigurationPlatforms) = postSolution
		{F012E040-4D5D-4212-96F7-3B81999C1F5B}.Debug|Any CPU.ActiveCfg = Debug|Any CPU
		{F012E040-4D5D-4212-96F7-3B81999C1F5B}.Debug|Any CPU.Build.0 = Debug|Any CPU
		{F012E040-4D5D-4212-96F7-3B81999C1F5B}.Release|Any CPU.ActiveCfg = Release|Any CPU
		{F012E040-4D5D-4212-96F7-3B81999C1F5B}.Release|Any CPU.Build.0 = Release|Any CPU
	EndGlobalSection
	GlobalSection(SolutionProperties) = preSolution
		HideSolutionNode = FALSE
	EndGlobalSection
	GlobalSection(ExtensibilityGlobals) = postSolution
		SolutionGuid = {28B67A27-0B78-44E8-8613-AAB19E02225C}
	EndGlobalSection
EndGlobal
