
Microsoft Visual Studio Solution File, Format Version 12.00
# Visual Studio Version 16
VisualStudioVersion = 16.0.31624.102
MinimumVisualStudioVersion = 10.0.40219.1
Project("{FAE04EC0-301F-11D3-BF4B-00C04F79EFBC}") = "Task1", "Task1\Task1.csproj", "{CE729BBD-5E48-4D55-816B-A1865D18D438}"
EndProject
Global
	GlobalSection(SolutionConfigurationPlatforms) = preSolution
		Debug|Any CPU = Debug|Any CPU
		Release|Any CPU = Release|Any CPU
	EndGlobalSection
	GlobalSection(ProjectConfigurationPlatforms) = postSolution
		{CE729BBD-5E48-4D55-816B-A1865D18D438}.Debug|Any CPU.ActiveCfg = Debug|Any CPU
		{CE729BBD-5E48-4D55-816B-A1865D18D438}.Debug|Any CPU.Build.0 = Debug|Any CPU
		{CE729BBD-5E48-4D55-816B-A1865D18D438}.Release|Any CPU.ActiveCfg = Release|Any CPU
		{CE729BBD-5E48-4D55-816B-A1865D18D438}.Release|Any CPU.Build.0 = Release|Any CPU
	EndGlobalSection
	GlobalSection(SolutionProperties) = preSolution
		HideSolutionNode = FALSE
	EndGlobalSection
	GlobalSection(ExtensibilityGlobals) = postSolution
		SolutionGuid = {10C6EABC-82E2-487E-8599-1C740345A7A0}
	EndGlobalSection
EndGlobal
