
Microsoft Visual Studio Solution File, Format Version 12.00
# Visual Studio Version 16
VisualStudioVersion = 16.0.32106.194
MinimumVisualStudioVersion = 10.0.40219.1
Project("{FAE04EC0-301F-11D3-BF4B-00C04F79EFBC}") = "Task1", "Task1\Task1.csproj", "{ECAF190E-73CB-4F44-9E31-6502CE8F4C83}"
EndProject
Global
	GlobalSection(SolutionConfigurationPlatforms) = preSolution
		Debug|Any CPU = Debug|Any CPU
		Release|Any CPU = Release|Any CPU
	EndGlobalSection
	GlobalSection(ProjectConfigurationPlatforms) = postSolution
		{ECAF190E-73CB-4F44-9E31-6502CE8F4C83}.Debug|Any CPU.ActiveCfg = Debug|Any CPU
		{ECAF190E-73CB-4F44-9E31-6502CE8F4C83}.Debug|Any CPU.Build.0 = Debug|Any CPU
		{ECAF190E-73CB-4F44-9E31-6502CE8F4C83}.Release|Any CPU.ActiveCfg = Release|Any CPU
		{ECAF190E-73CB-4F44-9E31-6502CE8F4C83}.Release|Any CPU.Build.0 = Release|Any CPU
	EndGlobalSection
	GlobalSection(SolutionProperties) = preSolution
		HideSolutionNode = FALSE
	EndGlobalSection
	GlobalSection(ExtensibilityGlobals) = postSolution
		SolutionGuid = {A8EC19FD-CB3B-43D4-90F4-52AF29562512}
	EndGlobalSection
EndGlobal
