
Microsoft Visual Studio Solution File, Format Version 12.00
# Visual Studio Version 16
VisualStudioVersion = 16.0.31624.102
MinimumVisualStudioVersion = 10.0.40219.1
Project("{9A19103F-16F7-4668-BE54-9A1E7A4F7556}") = "Task01", "Task01\Task01.csproj", "{3E038728-121B-4DF7-9E21-C491ECEA0A6B}"
EndProject
Project("{9A19103F-16F7-4668-BE54-9A1E7A4F7556}") = "Task02", "Task02\Task02.csproj", "{7C12FA3A-4F4E-44C3-9B5D-7C96D2B61026}"
EndProject
Project("{9A19103F-16F7-4668-BE54-9A1E7A4F7556}") = "ASCIIDecoder", "ASCIIDecoder\ASCIIDecoder.csproj", "{2879F592-FBB3-4175-A631-72DFCAB08A11}"
EndProject
Project("{9A19103F-16F7-4668-BE54-9A1E7A4F7556}") = "Task04", "Task04\Task04.csproj", "{E865417D-BE43-440F-833E-13BFABF86808}"
EndProject
Project("{FAE04EC0-301F-11D3-BF4B-00C04F79EFBC}") = "Task05", "Task05\Task05.csproj", "{ED3CB1DD-84D2-4DCA-BF58-10A2132601E4}"
EndProject
Global
	GlobalSection(SolutionConfigurationPlatforms) = preSolution
		Debug|Any CPU = Debug|Any CPU
		Release|Any CPU = Release|Any CPU
	EndGlobalSection
	GlobalSection(ProjectConfigurationPlatforms) = postSolution
		{3E038728-121B-4DF7-9E21-C491ECEA0A6B}.Debug|Any CPU.ActiveCfg = Debug|Any CPU
		{3E038728-121B-4DF7-9E21-C491ECEA0A6B}.Debug|Any CPU.Build.0 = Debug|Any CPU
		{3E038728-121B-4DF7-9E21-C491ECEA0A6B}.Release|Any CPU.ActiveCfg = Release|Any CPU
		{3E038728-121B-4DF7-9E21-C491ECEA0A6B}.Release|Any CPU.Build.0 = Release|Any CPU
		{7C12FA3A-4F4E-44C3-9B5D-7C96D2B61026}.Debug|Any CPU.ActiveCfg = Debug|Any CPU
		{7C12FA3A-4F4E-44C3-9B5D-7C96D2B61026}.Debug|Any CPU.Build.0 = Debug|Any CPU
		{7C12FA3A-4F4E-44C3-9B5D-7C96D2B61026}.Release|Any CPU.ActiveCfg = Release|Any CPU
		{7C12FA3A-4F4E-44C3-9B5D-7C96D2B61026}.Release|Any CPU.Build.0 = Release|Any CPU
		{2879F592-FBB3-4175-A631-72DFCAB08A11}.Debug|Any CPU.ActiveCfg = Debug|Any CPU
		{2879F592-FBB3-4175-A631-72DFCAB08A11}.Debug|Any CPU.Build.0 = Debug|Any CPU
		{2879F592-FBB3-4175-A631-72DFCAB08A11}.Release|Any CPU.ActiveCfg = Release|Any CPU
		{2879F592-FBB3-4175-A631-72DFCAB08A11}.Release|Any CPU.Build.0 = Release|Any CPU
		{E865417D-BE43-440F-833E-13BFABF86808}.Debug|Any CPU.ActiveCfg = Debug|Any CPU
		{E865417D-BE43-440F-833E-13BFABF86808}.Debug|Any CPU.Build.0 = Debug|Any CPU
		{E865417D-BE43-440F-833E-13BFABF86808}.Release|Any CPU.ActiveCfg = Release|Any CPU
		{E865417D-BE43-440F-833E-13BFABF86808}.Release|Any CPU.Build.0 = Release|Any CPU
		{ED3CB1DD-84D2-4DCA-BF58-10A2132601E4}.Debug|Any CPU.ActiveCfg = Debug|Any CPU
		{ED3CB1DD-84D2-4DCA-BF58-10A2132601E4}.Debug|Any CPU.Build.0 = Debug|Any CPU
		{ED3CB1DD-84D2-4DCA-BF58-10A2132601E4}.Release|Any CPU.ActiveCfg = Release|Any CPU
		{ED3CB1DD-84D2-4DCA-BF58-10A2132601E4}.Release|Any CPU.Build.0 = Release|Any CPU
	EndGlobalSection
	GlobalSection(SolutionProperties) = preSolution
		HideSolutionNode = FALSE
	EndGlobalSection
	GlobalSection(ExtensibilityGlobals) = postSolution
		SolutionGuid = {E3C93645-28B3-45B3-BD92-CAC7499A8D36}
	EndGlobalSection
EndGlobal
