
Microsoft Visual Studio Solution File, Format Version 12.00
# Visual Studio Version 16
VisualStudioVersion = 16.0.31624.102
MinimumVisualStudioVersion = 10.0.40219.1
Project("{FAE04EC0-301F-11D3-BF4B-00C04F79EFBC}") = "Task1", "Task1\Task1.csproj", "{77FB798C-B18C-4687-98C3-B050166FA115}"
EndProject
Global
	GlobalSection(SolutionConfigurationPlatforms) = preSolution
		Debug|Any CPU = Debug|Any CPU
		Release|Any CPU = Release|Any CPU
	EndGlobalSection
	GlobalSection(ProjectConfigurationPlatforms) = postSolution
		{77FB798C-B18C-4687-98C3-B050166FA115}.Debug|Any CPU.ActiveCfg = Debug|Any CPU
		{77FB798C-B18C-4687-98C3-B050166FA115}.Debug|Any CPU.Build.0 = Debug|Any CPU
		{77FB798C-B18C-4687-98C3-B050166FA115}.Release|Any CPU.ActiveCfg = Release|Any CPU
		{77FB798C-B18C-4687-98C3-B050166FA115}.Release|Any CPU.Build.0 = Release|Any CPU
	EndGlobalSection
	GlobalSection(SolutionProperties) = preSolution
		HideSolutionNode = FALSE
	EndGlobalSection
	GlobalSection(ExtensibilityGlobals) = postSolution
		SolutionGuid = {59BEB806-7DA0-4674-A6FB-B2B5AC2D5A45}
	EndGlobalSection
EndGlobal
