
Microsoft Visual Studio Solution File, Format Version 12.00
# Visual Studio Version 16
VisualStudioVersion = 16.0.31624.102
MinimumVisualStudioVersion = 10.0.40219.1
Project("{FAE04EC0-301F-11D3-BF4B-00C04F79EFBC}") = "Task1", "Task1\Task1.csproj", "{660E56B9-FF82-47CB-BBC2-531780293F4A}"
EndProject
Project("{FAE04EC0-301F-11D3-BF4B-00C04F79EFBC}") = "Task2", "Task2\Task2.csproj", "{0DDBA4D6-83D7-4411-AC2D-79AEBB3D2281}"
EndProject
Project("{FAE04EC0-301F-11D3-BF4B-00C04F79EFBC}") = "Task3", "Task3\Task3.csproj", "{3D4A977C-5EF1-4172-9565-0D61E89DDB99}"
EndProject
Global
	GlobalSection(SolutionConfigurationPlatforms) = preSolution
		Debug|Any CPU = Debug|Any CPU
		Release|Any CPU = Release|Any CPU
	EndGlobalSection
	GlobalSection(ProjectConfigurationPlatforms) = postSolution
		{660E56B9-FF82-47CB-BBC2-531780293F4A}.Debug|Any CPU.ActiveCfg = Debug|Any CPU
		{660E56B9-FF82-47CB-BBC2-531780293F4A}.Debug|Any CPU.Build.0 = Debug|Any CPU
		{660E56B9-FF82-47CB-BBC2-531780293F4A}.Release|Any CPU.ActiveCfg = Release|Any CPU
		{660E56B9-FF82-47CB-BBC2-531780293F4A}.Release|Any CPU.Build.0 = Release|Any CPU
		{0DDBA4D6-83D7-4411-AC2D-79AEBB3D2281}.Debug|Any CPU.ActiveCfg = Debug|Any CPU
		{0DDBA4D6-83D7-4411-AC2D-79AEBB3D2281}.Debug|Any CPU.Build.0 = Debug|Any CPU
		{0DDBA4D6-83D7-4411-AC2D-79AEBB3D2281}.Release|Any CPU.ActiveCfg = Release|Any CPU
		{0DDBA4D6-83D7-4411-AC2D-79AEBB3D2281}.Release|Any CPU.Build.0 = Release|Any CPU
		{3D4A977C-5EF1-4172-9565-0D61E89DDB99}.Debug|Any CPU.ActiveCfg = Debug|Any CPU
		{3D4A977C-5EF1-4172-9565-0D61E89DDB99}.Debug|Any CPU.Build.0 = Debug|Any CPU
		{3D4A977C-5EF1-4172-9565-0D61E89DDB99}.Release|Any CPU.ActiveCfg = Release|Any CPU
		{3D4A977C-5EF1-4172-9565-0D61E89DDB99}.Release|Any CPU.Build.0 = Release|Any CPU
	EndGlobalSection
	GlobalSection(SolutionProperties) = preSolution
		HideSolutionNode = FALSE
	EndGlobalSection
	GlobalSection(ExtensibilityGlobals) = postSolution
		SolutionGuid = {098C9644-E26B-4212-B075-C4506C178F3C}
	EndGlobalSection
EndGlobal
